// !$*UTF8*$!
{
	archiveVersion = 1;
	classes = {
	};
	objectVersion = 56;
	objects = {

/* Begin PBXBuildFile section */
		300CCC6029BCBACD007B633A /* AppDelegate.swift in Sources */ = {isa = PBXBuildFile; fileRef = 300CCC5F29BCBACD007B633A /* AppDelegate.swift */; };
		300CCC6229BCBACD007B633A /* SceneDelegate.swift in Sources */ = {isa = PBXBuildFile; fileRef = 300CCC6129BCBACD007B633A /* SceneDelegate.swift */; };
		300CCC6429BCBACD007B633A /* ViewController.swift in Sources */ = {isa = PBXBuildFile; fileRef = 300CCC6329BCBACD007B633A /* ViewController.swift */; };
		300CCC6729BCBACD007B633A /* Main.storyboard in Resources */ = {isa = PBXBuildFile; fileRef = 300CCC6529BCBACD007B633A /* Main.storyboard */; };
		300CCC6929BCBACE007B633A /* Assets.xcassets in Resources */ = {isa = PBXBuildFile; fileRef = 300CCC6829BCBACE007B633A /* Assets.xcassets */; };
		300CCC6C29BCBACE007B633A /* LaunchScreen.storyboard in Resources */ = {isa = PBXBuildFile; fileRef = 300CCC6A29BCBACE007B633A /* LaunchScreen.storyboard */; };
		300CCC7A29BCBBA4007B633A /* BankApp_TestingTests.swift in Sources */ = {isa = PBXBuildFile; fileRef = 300CCC7929BCBBA4007B633A /* BankApp_TestingTests.swift */; };
		300CCC8229BCBD1E007B633A /* Account.swift in Sources */ = {isa = PBXBuildFile; fileRef = 300CCC8129BCBD1E007B633A /* Account.swift */; };
/* End PBXBuildFile section */

/* Begin PBXContainerItemProxy section */
		300CCC7B29BCBBA4007B633A /* PBXContainerItemProxy */ = {
			isa = PBXContainerItemProxy;
			containerPortal = 300CCC5429BCBACD007B633A /* Project object */;
			proxyType = 1;
			remoteGlobalIDString = 300CCC5B29BCBACD007B633A;
			remoteInfo = "BankApp-Testing";
		};
/* End PBXContainerItemProxy section */

/* Begin PBXFileReference section */
		300CCC5C29BCBACD007B633A /* BankApp-Testing.app */ = {isa = PBXFileReference; explicitFileType = wrapper.application; includeInIndex = 0; path = "BankApp-Testing.app"; sourceTree = BUILT_PRODUCTS_DIR; };
		300CCC5F29BCBACD007B633A /* AppDelegate.swift */ = {isa = PBXFileReference; lastKnownFileType = sourcecode.swift; path = AppDelegate.swift; sourceTree = "<group>"; };
		300CCC6129BCBACD007B633A /* SceneDelegate.swift */ = {isa = PBXFileReference; lastKnownFileType = sourcecode.swift; path = SceneDelegate.swift; sourceTree = "<group>"; };
		300CCC6329BCBACD007B633A /* ViewController.swift */ = {isa = PBXFileReference; lastKnownFileType = sourcecode.swift; path = ViewController.swift; sourceTree = "<group>"; };
		300CCC6629BCBACD007B633A /* Base */ = {isa = PBXFileReference; lastKnownFileType = file.storyboard; name = Base; path = Base.lproj/Main.storyboard; sourceTree = "<group>"; };
		300CCC6829BCBACE007B633A /* Assets.xcassets */ = {isa = PBXFileReference; lastKnownFileType = folder.assetcatalog; path = Assets.xcassets; sourceTree = "<group>"; };
		300CCC6B29BCBACE007B633A /* Base */ = {isa = PBXFileReference; lastKnownFileType = file.storyboard; name = Base; path = Base.lproj/LaunchScreen.storyboard; sourceTree = "<group>"; };
		300CCC6D29BCBACE007B633A /* Info.plist */ = {isa = PBXFileReference; lastKnownFileType = text.plist.xml; path = Info.plist; sourceTree = "<group>"; };
		300CCC7729BCBBA4007B633A /* BankApp-TestingTests.xctest */ = {isa = PBXFileReference; explicitFileType = wrapper.cfbundle; includeInIndex = 0; path = "BankApp-TestingTests.xctest"; sourceTree = BUILT_PRODUCTS_DIR; };
		300CCC7929BCBBA4007B633A /* BankApp_TestingTests.swift */ = {isa = PBXFileReference; lastKnownFileType = sourcecode.swift; path = BankApp_TestingTests.swift; sourceTree = "<group>"; };
		300CCC8129BCBD1E007B633A /* Account.swift */ = {isa = PBXFileReference; lastKnownFileType = sourcecode.swift; path = Account.swift; sourceTree = "<group>"; };
/* End PBXFileReference section */

/* Begin PBXFrameworksBuildPhase section */
		300CCC5929BCBACD007B633A /* Frameworks */ = {
			isa = PBXFrameworksBuildPhase;
			buildActionMask = 2147483647;
			files = (
			);
			runOnlyForDeploymentPostprocessing = 0;
		};
		300CCC7429BCBBA4007B633A /* Frameworks */ = {
			isa = PBXFrameworksBuildPhase;
			buildActionMask = 2147483647;
			files = (
			);
			runOnlyForDeploymentPostprocessing = 0;
		};
/* End PBXFrameworksBuildPhase section */

/* Begin PBXGroup section */
		300CCC5329BCBACD007B633A = {
			isa = PBXGroup;
			children = (
				300CCC5E29BCBACD007B633A /* BankApp-Testing */,
				300CCC7829BCBBA4007B633A /* BankApp-TestingTests */,
				300CCC5D29BCBACD007B633A /* Products */,
			);
			sourceTree = "<group>";
		};
		300CCC5D29BCBACD007B633A /* Products */ = {
			isa = PBXGroup;
			children = (
				300CCC5C29BCBACD007B633A /* BankApp-Testing.app */,
				300CCC7729BCBBA4007B633A /* BankApp-TestingTests.xctest */,
			);
			name = Products;
			sourceTree = "<group>";
		};
		300CCC5E29BCBACD007B633A /* BankApp-Testing */ = {
			isa = PBXGroup;
			children = (
				300CCC8029BCBCF6007B633A /* Models */,
				300CCC5F29BCBACD007B633A /* AppDelegate.swift */,
				300CCC6129BCBACD007B633A /* SceneDelegate.swift */,
				300CCC6329BCBACD007B633A /* ViewController.swift */,
				300CCC6529BCBACD007B633A /* Main.storyboard */,
				300CCC6829BCBACE007B633A /* Assets.xcassets */,
				300CCC6A29BCBACE007B633A /* LaunchScreen.storyboard */,
				300CCC6D29BCBACE007B633A /* Info.plist */,
			);
			path = "BankApp-Testing";
			sourceTree = "<group>";
		};
		300CCC7829BCBBA4007B633A /* BankApp-TestingTests */ = {
			isa = PBXGroup;
			children = (
				300CCC7929BCBBA4007B633A /* BankApp_TestingTests.swift */,
			);
			path = "BankApp-TestingTests";
			sourceTree = "<group>";
		};
		300CCC8029BCBCF6007B633A /* Models */ = {
			isa = PBXGroup;
			children = (
				300CCC8129BCBD1E007B633A /* Account.swift */,
			);
			path = Models;
			sourceTree = "<group>";
		};
/* End PBXGroup section */

/* Begin PBXNativeTarget section */
		300CCC5B29BCBACD007B633A /* BankApp-Testing */ = {
			isa = PBXNativeTarget;
			buildConfigurationList = 300CCC7029BCBACE007B633A /* Build configuration list for PBXNativeTarget "BankApp-Testing" */;
			buildPhases = (
				300CCC5829BCBACD007B633A /* Sources */,
				300CCC5929BCBACD007B633A /* Frameworks */,
				300CCC5A29BCBACD007B633A /* Resources */,
			);
			buildRules = (
			);
			dependencies = (
			);
			name = "BankApp-Testing";
			productName = "BankApp-Testing";
			productReference = 300CCC5C29BCBACD007B633A /* BankApp-Testing.app */;
			productType = "com.apple.product-type.application";
		};
		300CCC7629BCBBA4007B633A /* BankApp-TestingTests */ = {
			isa = PBXNativeTarget;
			buildConfigurationList = 300CCC7D29BCBBA4007B633A /* Build configuration list for PBXNativeTarget "BankApp-TestingTests" */;
			buildPhases = (
				300CCC7329BCBBA4007B633A /* Sources */,
				300CCC7429BCBBA4007B633A /* Frameworks */,
				300CCC7529BCBBA4007B633A /* Resources */,
			);
			buildRules = (
			);
			dependencies = (
				300CCC7C29BCBBA4007B633A /* PBXTargetDependency */,
			);
			name = "BankApp-TestingTests";
			productName = "BankApp-TestingTests";
			productReference = 300CCC7729BCBBA4007B633A /* BankApp-TestingTests.xctest */;
			productType = "com.apple.product-type.bundle.unit-test";
		};
/* End PBXNativeTarget section */

/* Begin PBXProject section */
		300CCC5429BCBACD007B633A /* Project object */ = {
			isa = PBXProject;
			attributes = {
				BuildIndependentTargetsInParallel = 1;
				LastSwiftUpdateCheck = 1420;
				LastUpgradeCheck = 1420;
				TargetAttributes = {
					300CCC5B29BCBACD007B633A = {
						CreatedOnToolsVersion = 14.2;
					};
					300CCC7629BCBBA4007B633A = {
						CreatedOnToolsVersion = 14.2;
						TestTargetID = 300CCC5B29BCBACD007B633A;
					};
				};
			};
			buildConfigurationList = 300CCC5729BCBACD007B633A /* Build configuration list for PBXProject "BankApp-Testing" */;
			compatibilityVersion = "Xcode 14.0";
			developmentRegion = en;
			hasScannedForEncodings = 0;
			knownRegions = (
				en,
				Base,
			);
			mainGroup = 300CCC5329BCBACD007B633A;
			productRefGroup = 300CCC5D29BCBACD007B633A /* Products */;
			projectDirPath = "";
			projectRoot = "";
			targets = (
				300CCC5B29BCBACD007B633A /* BankApp-Testing */,
				300CCC7629BCBBA4007B633A /* BankApp-TestingTests */,
			);
		};
/* End PBXProject section */

/* Begin PBXResourcesBuildPhase section */
		300CCC5A29BCBACD007B633A /* Resources */ = {
			isa = PBXResourcesBuildPhase;
			buildActionMask = 2147483647;
			files = (
				300CCC6C29BCBACE007B633A /* LaunchScreen.storyboard in Resources */,
				300CCC6929BCBACE007B633A /* Assets.xcassets in Resources */,
				300CCC6729BCBACD007B633A /* Main.storyboard in Resources */,
			);
			runOnlyForDeploymentPostprocessing = 0;
		};
		300CCC7529BCBBA4007B633A /* Resources */ = {
			isa = PBXResourcesBuildPhase;
			buildActionMask = 2147483647;
			files = (
			);
			runOnlyForDeploymentPostprocessing = 0;
		};
/* End PBXResourcesBuildPhase section */

/* Begin PBXSourcesBuildPhase section */
		300CCC5829BCBACD007B633A /* Sources */ = {
			isa = PBXSourcesBuildPhase;
			buildActionMask = 2147483647;
			files = (
				300CCC6429BCBACD007B633A /* ViewController.swift in Sources */,
				300CCC8229BCBD1E007B633A /* Account.swift in Sources */,
				300CCC6029BCBACD007B633A /* AppDelegate.swift in Sources */,
				300CCC6229BCBACD007B633A /* SceneDelegate.swift in Sources */,
			);
			runOnlyForDeploymentPostprocessing = 0;
		};
		300CCC7329BCBBA4007B633A /* Sources */ = {
			isa = PBXSourcesBuildPhase;
			buildActionMask = 2147483647;
			files = (
				300CCC7A29BCBBA4007B633A /* BankApp_TestingTests.swift in Sources */,
			);
			runOnlyForDeploymentPostprocessing = 0;
		};
/* End PBXSourcesBuildPhase section */

/* Begin PBXTargetDependency section */
		300CCC7C29BCBBA4007B633A /* PBXTargetDependency */ = {
			isa = PBXTargetDependency;
			target = 300CCC5B29BCBACD007B633A /* BankApp-Testing */;
			targetProxy = 300CCC7B29BCBBA4007B633A /* PBXContainerItemProxy */;
		};
/* End PBXTargetDependency section */

/* Begin PBXVariantGroup section */
		300CCC6529BCBACD007B633A /* Main.storyboard */ = {
			isa = PBXVariantGroup;
			children = (
				300CCC6629BCBACD007B633A /* Base */,
			);
			name = Main.storyboard;
			sourceTree = "<group>";
		};
		300CCC6A29BCBACE007B633A /* LaunchScreen.storyboard */ = {
			isa = PBXVariantGroup;
			children = (
				300CCC6B29BCBACE007B633A /* Base */,
			);
			name = LaunchScreen.storyboard;
			sourceTree = "<group>";
		};
/* End PBXVariantGroup section */

/* Begin XCBuildConfiguration section */
		300CCC6E29BCBACE007B633A /* Debug */ = {
			isa = XCBuildConfiguration;
			buildSettings = {
				ALWAYS_SEARCH_USER_PATHS = NO;
				CLANG_ANALYZER_NONNULL = YES;
				CLANG_ANALYZER_NUMBER_OBJECT_CONVERSION = YES_AGGRESSIVE;
				CLANG_CXX_LANGUAGE_STANDARD = "gnu++20";
				CLANG_ENABLE_MODULES = YES;
				CLANG_ENABLE_OBJC_ARC = YES;
				CLANG_ENABLE_OBJC_WEAK = YES;
				CLANG_WARN_BLOCK_CAPTURE_AUTORELEASING = YES;
				CLANG_WARN_BOOL_CONVERSION = YES;
				CLANG_WARN_COMMA = YES;
				CLANG_WARN_CONSTANT_CONVERSION = YES;
				CLANG_WARN_DEPRECATED_OBJC_IMPLEMENTATIONS = YES;
				CLANG_WARN_DIRECT_OBJC_ISA_USAGE = YES_ERROR;
				CLANG_WARN_DOCUMENTATION_COMMENTS = YES;
				CLANG_WARN_EMPTY_BODY = YES;
				CLANG_WARN_ENUM_CONVERSION = YES;
				CLANG_WARN_INFINITE_RECURSION = YES;
				CLANG_WARN_INT_CONVERSION = YES;
				CLANG_WARN_NON_LITERAL_NULL_CONVERSION = YES;
				CLANG_WARN_OBJC_IMPLICIT_RETAIN_SELF = YES;
				CLANG_WARN_OBJC_LITERAL_CONVERSION = YES;
				CLANG_WARN_OBJC_ROOT_CLASS = YES_ERROR;
				CLANG_WARN_QUOTED_INCLUDE_IN_FRAMEWORK_HEADER = YES;
				CLANG_WARN_RANGE_LOOP_ANALYSIS = YES;
				CLANG_WARN_STRICT_PROTOTYPES = YES;
				CLANG_WARN_SUSPICIOUS_MOVE = YES;
				CLANG_WARN_UNGUARDED_AVAILABILITY = YES_AGGRESSIVE;
				CLANG_WARN_UNREACHABLE_CODE = YES;
				CLANG_WARN__DUPLICATE_METHOD_MATCH = YES;
				COPY_PHASE_STRIP = NO;
				DEBUG_INFORMATION_FORMAT = dwarf;
				ENABLE_STRICT_OBJC_MSGSEND = YES;
				ENABLE_TESTABILITY = YES;
				GCC_C_LANGUAGE_STANDARD = gnu11;
				GCC_DYNAMIC_NO_PIC = NO;
				GCC_NO_COMMON_BLOCKS = YES;
				GCC_OPTIMIZATION_LEVEL = 0;
				GCC_PREPROCESSOR_DEFINITIONS = (
					"DEBUG=1",
					"$(inherited)",
				);
				GCC_WARN_64_TO_32_BIT_CONVERSION = YES;
				GCC_WARN_ABOUT_RETURN_TYPE = YES_ERROR;
				GCC_WARN_UNDECLARED_SELECTOR = YES;
				GCC_WARN_UNINITIALIZED_AUTOS = YES_AGGRESSIVE;
				GCC_WARN_UNUSED_FUNCTION = YES;
				GCC_WARN_UNUSED_VARIABLE = YES;
				IPHONEOS_DEPLOYMENT_TARGET = 16.2;
				MTL_ENABLE_DEBUG_INFO = INCLUDE_SOURCE;
				MTL_FAST_MATH = YES;
				ONLY_ACTIVE_ARCH = YES;
				SDKROOT = iphoneos;
				SWIFT_ACTIVE_COMPILATION_CONDITIONS = DEBUG;
				SWIFT_OPTIMIZATION_LEVEL = "-Onone";
			};
			name = Debug;
		};
		300CCC6F29BCBACE007B633A /* Release */ = {
			isa = XCBuildConfiguration;
			buildSettings = {
				ALWAYS_SEARCH_USER_PATHS = NO;
				CLANG_ANALYZER_NONNULL = YES;
				CLANG_ANALYZER_NUMBER_OBJECT_CONVERSION = YES_AGGRESSIVE;
				CLANG_CXX_LANGUAGE_STANDARD = "gnu++20";
				CLANG_ENABLE_MODULES = YES;
				CLANG_ENABLE_OBJC_ARC = YES;
				CLANG_ENABLE_OBJC_WEAK = YES;
				CLANG_WARN_BLOCK_CAPTURE_AUTORELEASING = YES;
				CLANG_WARN_BOOL_CONVERSION = YES;
				CLANG_WARN_COMMA = YES;
				CLANG_WARN_CONSTANT_CONVERSION = YES;
				CLANG_WARN_DEPRECATED_OBJC_IMPLEMENTATIONS = YES;
				CLANG_WARN_DIRECT_OBJC_ISA_USAGE = YES_ERROR;
				CLANG_WARN_DOCUMENTATION_COMMENTS = YES;
				CLANG_WARN_EMPTY_BODY = YES;
				CLANG_WARN_ENUM_CONVERSION = YES;
				CLANG_WARN_INFINITE_RECURSION = YES;
				CLANG_WARN_INT_CONVERSION = YES;
				CLANG_WARN_NON_LITERAL_NULL_CONVERSION = YES;
				CLANG_WARN_OBJC_IMPLICIT_RETAIN_SELF = YES;
				CLANG_WARN_OBJC_LITERAL_CONVERSION = YES;
				CLANG_WARN_OBJC_ROOT_CLASS = YES_ERROR;
				CLANG_WARN_QUOTED_INCLUDE_IN_FRAMEWORK_HEADER = YES;
				CLANG_WARN_RANGE_LOOP_ANALYSIS = YES;
				CLANG_WARN_STRICT_PROTOTYPES = YES;
				CLANG_WARN_SUSPICIOUS_MOVE = YES;
				CLANG_WARN_UNGUARDED_AVAILABILITY = YES_AGGRESSIVE;
				CLANG_WARN_UNREACHABLE_CODE = YES;
				CLANG_WARN__DUPLICATE_METHOD_MATCH = YES;
				COPY_PHASE_STRIP = NO;
				DEBUG_INFORMATION_FORMAT = "dwarf-with-dsym";
				ENABLE_NS_ASSERTIONS = NO;
				ENABLE_STRICT_OBJC_MSGSEND = YES;
				GCC_C_LANGUAGE_STANDARD = gnu11;
				GCC_NO_COMMON_BLOCKS = YES;
				GCC_WARN_64_TO_32_BIT_CONVERSION = YES;
				GCC_WARN_ABOUT_RETURN_TYPE = YES_ERROR;
				GCC_WARN_UNDECLARED_SELECTOR = YES;
				GCC_WARN_UNINITIALIZED_AUTOS = YES_AGGRESSIVE;
				GCC_WARN_UNUSED_FUNCTION = YES;
				GCC_WARN_UNUSED_VARIABLE = YES;
				IPHONEOS_DEPLOYMENT_TARGET = 16.2;
				MTL_ENABLE_DEBUG_INFO = NO;
				MTL_FAST_MATH = YES;
				SDKROOT = iphoneos;
				SWIFT_COMPILATION_MODE = wholemodule;
				SWIFT_OPTIMIZATION_LEVEL = "-O";
				VALIDATE_PRODUCT = YES;
			};
			name = Release;
		};
		300CCC7129BCBACE007B633A /* Debug */ = {
			isa = XCBuildConfiguration;
			buildSettings = {
				ASSETCATALOG_COMPILER_APPICON_NAME = AppIcon;
				ASSETCATALOG_COMPILER_GLOBAL_ACCENT_COLOR_NAME = AccentColor;
				CODE_SIGN_STYLE = Automatic;
				CURRENT_PROJECT_VERSION = 1;
				DEVELOPMENT_TEAM = TL6Q4UV2PD;
				GENERATE_INFOPLIST_FILE = YES;
				INFOPLIST_FILE = "BankApp-Testing/Info.plist";
				INFOPLIST_KEY_UIApplicationSupportsIndirectInputEvents = YES;
				INFOPLIST_KEY_UILaunchStoryboardName = LaunchScreen;
				INFOPLIST_KEY_UIMainStoryboardFile = Main;
				INFOPLIST_KEY_UISupportedInterfaceOrientations_iPad = "UIInterfaceOrientationPortrait UIInterfaceOrientationPortraitUpsideDown UIInterfaceOrientationLandscapeLeft UIInterfaceOrientationLandscapeRight";
				INFOPLIST_KEY_UISupportedInterfaceOrientations_iPhone = "UIInterfaceOrientationPortrait UIInterfaceOrientationLandscapeLeft UIInterfaceOrientationLandscapeRight";
				LD_RUNPATH_SEARCH_PATHS = (
					"$(inherited)",
					"@executable_path/Frameworks",
				);
				MARKETING_VERSION = 1.0;
				PRODUCT_BUNDLE_IDENTIFIER = "biz.michaelgruber.BankApp-Testing";
				PRODUCT_NAME = "$(TARGET_NAME)";
				SWIFT_EMIT_LOC_STRINGS = YES;
				SWIFT_VERSION = 5.0;
				TARGETED_DEVICE_FAMILY = "1,2";
			};
			name = Debug;
		};
		300CCC7229BCBACE007B633A /* Release */ = {
			isa = XCBuildConfiguration;
			buildSettings = {
				ASSETCATALOG_COMPILER_APPICON_NAME = AppIcon;
				ASSETCATALOG_COMPILER_GLOBAL_ACCENT_COLOR_NAME = AccentColor;
				CODE_SIGN_STYLE = Automatic;
				CURRENT_PROJECT_VERSION = 1;
				DEVELOPMENT_TEAM = TL6Q4UV2PD;
				GENERATE_INFOPLIST_FILE = YES;
				INFOPLIST_FILE = "BankApp-Testing/Info.plist";
				INFOPLIST_KEY_UIApplicationSupportsIndirectInputEvents = YES;
				INFOPLIST_KEY_UILaunchStoryboardName = LaunchScreen;
				INFOPLIST_KEY_UIMainStoryboardFile = Main;
				INFOPLIST_KEY_UISupportedInterfaceOrientations_iPad = "UIInterfaceOrientationPortrait UIInterfaceOrientationPortraitUpsideDown UIInterfaceOrientationLandscapeLeft UIInterfaceOrientationLandscapeRight";
				INFOPLIST_KEY_UISupportedInterfaceOrientations_iPhone = "UIInterfaceOrientationPortrait UIInterfaceOrientationLandscapeLeft UIInterfaceOrientationLandscapeRight";
				LD_RUNPATH_SEARCH_PATHS = (
					"$(inherited)",
					"@executable_path/Frameworks",
				);
				MARKETING_VERSION = 1.0;
				PRODUCT_BUNDLE_IDENTIFIER = "biz.michaelgruber.BankApp-Testing";
				PRODUCT_NAME = "$(TARGET_NAME)";
				SWIFT_EMIT_LOC_STRINGS = YES;
				SWIFT_VERSION = 5.0;
				TARGETED_DEVICE_FAMILY = "1,2";
			};
			name = Release;
		};
		300CCC7E29BCBBA4007B633A /* Debug */ = {
			isa = XCBuildConfiguration;
			buildSettings = {
				BUNDLE_LOADER = "$(TEST_HOST)";
				CODE_SIGN_STYLE = Automatic;
				CURRENT_PROJECT_VERSION = 1;
				DEVELOPMENT_TEAM = TL6Q4UV2PD;
				GENERATE_INFOPLIST_FILE = YES;
				MARKETING_VERSION = 1.0;
				PRODUCT_BUNDLE_IDENTIFIER = "biz.michaelgruber.BankApp-TestingTests";
				PRODUCT_NAME = "$(TARGET_NAME)";
				SWIFT_EMIT_LOC_STRINGS = NO;
				SWIFT_VERSION = 5.0;
				TARGETED_DEVICE_FAMILY = "1,2";
				TEST_HOST = "$(BUILT_PRODUCTS_DIR)/BankApp-Testing.app/$(BUNDLE_EXECUTABLE_FOLDER_PATH)/BankApp-Testing";
			};
			name = Debug;
		};
		300CCC7F29BCBBA4007B633A /* Release */ = {
			isa = XCBuildConfiguration;
			buildSettings = {
				BUNDLE_LOADER = "$(TEST_HOST)";
				CODE_SIGN_STYLE = Automatic;
				CURRENT_PROJECT_VERSION = 1;
				DEVELOPMENT_TEAM = TL6Q4UV2PD;
				GENERATE_INFOPLIST_FILE = YES;
				MARKETING_VERSION = 1.0;
				PRODUCT_BUNDLE_IDENTIFIER = "biz.michaelgruber.BankApp-TestingTests";
				PRODUCT_NAME = "$(TARGET_NAME)";
				SWIFT_EMIT_LOC_STRINGS = NO;
				SWIFT_VERSION = 5.0;
				TARGETED_DEVICE_FAMILY = "1,2";
				TEST_HOST = "$(BUILT_PRODUCTS_DIR)/BankApp-Testing.app/$(BUNDLE_EXECUTABLE_FOLDER_PATH)/BankApp-Testing";
			};
			name = Release;
		};
/* End XCBuildConfiguration section */

/* Begin XCConfigurationList section */
		300CCC5729BCBACD007B633A /* Build configuration list for PBXProject "BankApp-Testing" */ = {
			isa = XCConfigurationList;
			buildConfigurations = (
				300CCC6E29BCBACE007B633A /* Debug */,
				300CCC6F29BCBACE007B633A /* Release */,
			);
			defaultConfigurationIsVisible = 0;
			defaultConfigurationName = Release;
		};
		300CCC7029BCBACE007B633A /* Build configuration list for PBXNativeTarget "BankApp-Testing" */ = {
			isa = XCConfigurationList;
			buildConfigurations = (
				300CCC7129BCBACE007B633A /* Debug */,
				300CCC7229BCBACE007B633A /* Release */,
			);
			defaultConfigurationIsVisible = 0;
			defaultConfigurationName = Release;
		};
		300CCC7D29BCBBA4007B633A /* Build configuration list for PBXNativeTarget "BankApp-TestingTests" */ = {
			isa = XCConfigurationList;
			buildConfigurations = (
				300CCC7E29BCBBA4007B633A /* Debug */,
				300CCC7F29BCBBA4007B633A /* Release */,
			);
			defaultConfigurationIsVisible = 0;
			defaultConfigurationName = Release;
		};
/* End XCConfigurationList section */
	};
	rootObject = 300CCC5429BCBACD007B633A /* Project object */;
}
